
Microsoft Visual Studio Solution File, Format Version 12.00
# Visual Studio Version 17
VisualStudioVersion = 17.10.34916.146
MinimumVisualStudioVersion = 10.0.40219.1
Project("{9A19103F-16F7-4668-BE54-9A1E7A4F7556}") = "RegistroArticulos", "RegistroArticulos\RegistroArticulos.csproj", "{C88D3B2D-CDA4-45BA-B52E-CAA34AA746E1}"
EndProject
Global
	GlobalSection(SolutionConfigurationPlatforms) = preSolution
		Debug|Any CPU = Debug|Any CPU
		Release|Any CPU = Release|Any CPU
	EndGlobalSection
	GlobalSection(ProjectConfigurationPlatforms) = postSolution
		{C88D3B2D-CDA4-45BA-B52E-CAA34AA746E1}.Debug|Any CPU.ActiveCfg = Debug|Any CPU
		{C88D3B2D-CDA4-45BA-B52E-CAA34AA746E1}.Debug|Any CPU.Build.0 = Debug|Any CPU
		{C88D3B2D-CDA4-45BA-B52E-CAA34AA746E1}.Release|Any CPU.ActiveCfg = Release|Any CPU
		{C88D3B2D-CDA4-45BA-B52E-CAA34AA746E1}.Release|Any CPU.Build.0 = Release|Any CPU
	EndGlobalSection
	GlobalSection(SolutionProperties) = preSolution
		HideSolutionNode = FALSE
	EndGlobalSection
	GlobalSection(ExtensibilityGlobals) = postSolution
		SolutionGuid = {24A6B32C-04CF-45C2-9C68-3AD469FE7874}
	EndGlobalSection
EndGlobal
